// !$*UTF8*$!
{
	archiveVersion = 1;
	classes = {
	};
	objectVersion = 55;
	objects = {

/* Begin PBXBuildFile section */
		25B5B55B28794AF000CC98AA /* AppDelegate.swift in Sources */ = {isa = PBXBuildFile; fileRef = 25B5B55A28794AF000CC98AA /* AppDelegate.swift */; };
		25B5B55D28794AF000CC98AA /* SceneDelegate.swift in Sources */ = {isa = PBXBuildFile; fileRef = 25B5B55C28794AF000CC98AA /* SceneDelegate.swift */; };
		25B5B55F28794AF000CC98AA /* ViewController.swift in Sources */ = {isa = PBXBuildFile; fileRef = 25B5B55E28794AF000CC98AA /* ViewController.swift */; };
		25B5B56228794AF000CC98AA /* Main.storyboard in Resources */ = {isa = PBXBuildFile; fileRef = 25B5B56028794AF000CC98AA /* Main.storyboard */; };
		25B5B56428794AF100CC98AA /* Assets.xcassets in Resources */ = {isa = PBXBuildFile; fileRef = 25B5B56328794AF100CC98AA /* Assets.xcassets */; };
		25B5B56728794AF100CC98AA /* LaunchScreen.storyboard in Resources */ = {isa = PBXBuildFile; fileRef = 25B5B56528794AF100CC98AA /* LaunchScreen.storyboard */; };
		25B5B57328794EF300CC98AA /* Fonts.swift in Sources */ = {isa = PBXBuildFile; fileRef = 25B5B57228794EF300CC98AA /* Fonts.swift */; };
		25B5B57528794EFA00CC98AA /* Constants.swift in Sources */ = {isa = PBXBuildFile; fileRef = 25B5B57428794EFA00CC98AA /* Constants.swift */; };
		25B5B57728794F6300CC98AA /* PreviewHelper.swift in Sources */ = {isa = PBXBuildFile; fileRef = 25B5B57628794F6300CC98AA /* PreviewHelper.swift */; };
		25B5B57A28794F8300CC98AA /* UIView+Extension.swift in Sources */ = {isa = PBXBuildFile; fileRef = 25B5B57928794F8300CC98AA /* UIView+Extension.swift */; };
		25B5B57C28794FC300CC98AA /* DeviceSizeHelper.swift in Sources */ = {isa = PBXBuildFile; fileRef = 25B5B57B28794FC300CC98AA /* DeviceSizeHelper.swift */; };
		25B5B57E28794FFC00CC98AA /* UIColor+Extensions.swift in Sources */ = {isa = PBXBuildFile; fileRef = 25B5B57D28794FFC00CC98AA /* UIColor+Extensions.swift */; };
		25B5B5832879515800CC98AA /* AppFirstView.swift in Sources */ = {isa = PBXBuildFile; fileRef = 25B5B5822879515800CC98AA /* AppFirstView.swift */; };
		25B5B585287951D100CC98AA /* Authentication.storyboard in Resources */ = {isa = PBXBuildFile; fileRef = 25B5B584287951D100CC98AA /* Authentication.storyboard */; };
		25B5B58B2879533D00CC98AA /* RegisterView.swift in Sources */ = {isa = PBXBuildFile; fileRef = 25B5B58A2879533D00CC98AA /* RegisterView.swift */; };
		25B5B58E287954A400CC98AA /* BaseViewControllerProtocol.swift in Sources */ = {isa = PBXBuildFile; fileRef = 25B5B58D287954A400CC98AA /* BaseViewControllerProtocol.swift */; };
		25B5B59228795AFF00CC98AA /* UserDefaultStorage.swift in Sources */ = {isa = PBXBuildFile; fileRef = 25B5B59128795AFF00CC98AA /* UserDefaultStorage.swift */; };
		25B5B59428795E2A00CC98AA /* UserDefaultKey.swift in Sources */ = {isa = PBXBuildFile; fileRef = 25B5B59328795E2A00CC98AA /* UserDefaultKey.swift */; };
		25B5B59728795E4300CC98AA /* MemoryStorage.swift in Sources */ = {isa = PBXBuildFile; fileRef = 25B5B59628795E4300CC98AA /* MemoryStorage.swift */; };
		25B5B59A28795F0B00CC98AA /* Storyboardable.swift in Sources */ = {isa = PBXBuildFile; fileRef = 25B5B59928795F0B00CC98AA /* Storyboardable.swift */; };
		B7110F60289BC79B00618EB2 /* appstore.png in Resources */ = {isa = PBXBuildFile; fileRef = B7110F5F289BC79B00618EB2 /* appstore.png */; };
		B7110F64289D0A0B00618EB2 /* IdentityView.swift in Sources */ = {isa = PBXBuildFile; fileRef = B7110F63289D0A0B00618EB2 /* IdentityView.swift */; };
		B7110F66289D0A4A00618EB2 /* HabitView.swift in Sources */ = {isa = PBXBuildFile; fileRef = B7110F65289D0A4A00618EB2 /* HabitView.swift */; };
		B7110F6928A0B06100618EB2 /* IdentityFormView.swift in Sources */ = {isa = PBXBuildFile; fileRef = B7110F6828A0B06100618EB2 /* IdentityFormView.swift */; };
		B727D3B428ACAE5600773A12 /* UILabel+Extension.swift in Sources */ = {isa = PBXBuildFile; fileRef = B727D3B328ACAE5600773A12 /* UILabel+Extension.swift */; };
		B742230B289C0DC2003F2679 /* TabBarView.swift in Sources */ = {isa = PBXBuildFile; fileRef = B742230A289C0DC2003F2679 /* TabBarView.swift */; };
		B78AA3E228A4EC2300E074BC /* UIButton+Extension.swift in Sources */ = {isa = PBXBuildFile; fileRef = B78AA3E128A4EC2300E074BC /* UIButton+Extension.swift */; };
		B7A48C91288168EF008F25ED /* AuthenticationService.swift in Sources */ = {isa = PBXBuildFile; fileRef = B7A48C90288168EF008F25ED /* AuthenticationService.swift */; };
		B7A48C94288169D0008F25ED /* Alamofire in Frameworks */ = {isa = PBXBuildFile; productRef = B7A48C93288169D0008F25ED /* Alamofire */; };
		B7A48C992881753E008F25ED /* RegisterResultData.swift in Sources */ = {isa = PBXBuildFile; fileRef = B7A48C982881753E008F25ED /* RegisterResultData.swift */; };
		B7A48C9B28817545008F25ED /* LoginResultData.swift in Sources */ = {isa = PBXBuildFile; fileRef = B7A48C9A28817545008F25ED /* LoginResultData.swift */; };
		B7A48C9F2881756A008F25ED /* PasswordResetAuthResultData.swift in Sources */ = {isa = PBXBuildFile; fileRef = B7A48C9E2881756A008F25ED /* PasswordResetAuthResultData.swift */; };
		B7A48CA128817573008F25ED /* PasswordResetResultData.swift in Sources */ = {isa = PBXBuildFile; fileRef = B7A48CA028817573008F25ED /* PasswordResetResultData.swift */; };
		B7A8A794287B0E6600EBB368 /* LoginView.swift in Sources */ = {isa = PBXBuildFile; fileRef = B7A8A793287B0E6600EBB368 /* LoginView.swift */; };
		B7A8A796287B0E7200EBB368 /* PasswordResetView.swift in Sources */ = {isa = PBXBuildFile; fileRef = B7A8A795287B0E7200EBB368 /* PasswordResetView.swift */; };
		B7D31B04287DCC2000869029 /* PasswordResetAuthView.swift in Sources */ = {isa = PBXBuildFile; fileRef = B7D31B03287DCC2000869029 /* PasswordResetAuthView.swift */; };
		B7ECC65A28A3836F0058877E /* UIImage+Extension.swift in Sources */ = {isa = PBXBuildFile; fileRef = B7ECC65928A3836F0058877E /* UIImage+Extension.swift */; };
		B7F0EA6B289FF2320047A293 /* IdentityTableViewCell.swift in Sources */ = {isa = PBXBuildFile; fileRef = B7F0EA69289FF2320047A293 /* IdentityTableViewCell.swift */; };
		B7F0EA6C289FF2320047A293 /* IdentityTableViewCell.xib in Resources */ = {isa = PBXBuildFile; fileRef = B7F0EA6A289FF2320047A293 /* IdentityTableViewCell.xib */; };
		B7FF7EDC287C7D19008BD855 /* UITextField+Extension.swift in Sources */ = {isa = PBXBuildFile; fileRef = B7FF7EDB287C7D19008BD855 /* UITextField+Extension.swift */; };
/* End PBXBuildFile section */

/* Begin PBXFileReference section */
		25B5B55728794AF000CC98AA /* Dobit.app */ = {isa = PBXFileReference; explicitFileType = wrapper.application; includeInIndex = 0; path = Dobit.app; sourceTree = BUILT_PRODUCTS_DIR; };
		25B5B55A28794AF000CC98AA /* AppDelegate.swift */ = {isa = PBXFileReference; lastKnownFileType = sourcecode.swift; path = AppDelegate.swift; sourceTree = "<group>"; };
		25B5B55C28794AF000CC98AA /* SceneDelegate.swift */ = {isa = PBXFileReference; lastKnownFileType = sourcecode.swift; path = SceneDelegate.swift; sourceTree = "<group>"; };
		25B5B55E28794AF000CC98AA /* ViewController.swift */ = {isa = PBXFileReference; lastKnownFileType = sourcecode.swift; path = ViewController.swift; sourceTree = "<group>"; };
		25B5B56128794AF000CC98AA /* Base */ = {isa = PBXFileReference; lastKnownFileType = file.storyboard; name = Base; path = Base.lproj/Main.storyboard; sourceTree = "<group>"; };
		25B5B56328794AF100CC98AA /* Assets.xcassets */ = {isa = PBXFileReference; lastKnownFileType = folder.assetcatalog; path = Assets.xcassets; sourceTree = "<group>"; };
		25B5B56628794AF100CC98AA /* Base */ = {isa = PBXFileReference; lastKnownFileType = file.storyboard; name = Base; path = Base.lproj/LaunchScreen.storyboard; sourceTree = "<group>"; };
		25B5B56828794AF100CC98AA /* Info.plist */ = {isa = PBXFileReference; lastKnownFileType = text.plist.xml; path = Info.plist; sourceTree = "<group>"; };
		25B5B57228794EF300CC98AA /* Fonts.swift */ = {isa = PBXFileReference; lastKnownFileType = sourcecode.swift; path = Fonts.swift; sourceTree = "<group>"; };
		25B5B57428794EFA00CC98AA /* Constants.swift */ = {isa = PBXFileReference; lastKnownFileType = sourcecode.swift; path = Constants.swift; sourceTree = "<group>"; };
		25B5B57628794F6300CC98AA /* PreviewHelper.swift */ = {isa = PBXFileReference; lastKnownFileType = sourcecode.swift; path = PreviewHelper.swift; sourceTree = "<group>"; };
		25B5B57928794F8300CC98AA /* UIView+Extension.swift */ = {isa = PBXFileReference; lastKnownFileType = sourcecode.swift; path = "UIView+Extension.swift"; sourceTree = "<group>"; };
		25B5B57B28794FC300CC98AA /* DeviceSizeHelper.swift */ = {isa = PBXFileReference; lastKnownFileType = sourcecode.swift; path = DeviceSizeHelper.swift; sourceTree = "<group>"; };
		25B5B57D28794FFC00CC98AA /* UIColor+Extensions.swift */ = {isa = PBXFileReference; lastKnownFileType = sourcecode.swift; path = "UIColor+Extensions.swift"; sourceTree = "<group>"; };
		25B5B5822879515800CC98AA /* AppFirstView.swift */ = {isa = PBXFileReference; lastKnownFileType = sourcecode.swift; path = AppFirstView.swift; sourceTree = "<group>"; };
		25B5B584287951D100CC98AA /* Authentication.storyboard */ = {isa = PBXFileReference; lastKnownFileType = file.storyboard; path = Authentication.storyboard; sourceTree = "<group>"; };
		25B5B58A2879533D00CC98AA /* RegisterView.swift */ = {isa = PBXFileReference; lastKnownFileType = sourcecode.swift; path = RegisterView.swift; sourceTree = "<group>"; };
		25B5B58D287954A400CC98AA /* BaseViewControllerProtocol.swift */ = {isa = PBXFileReference; lastKnownFileType = sourcecode.swift; path = BaseViewControllerProtocol.swift; sourceTree = "<group>"; };
		25B5B59128795AFF00CC98AA /* UserDefaultStorage.swift */ = {isa = PBXFileReference; lastKnownFileType = sourcecode.swift; path = UserDefaultStorage.swift; sourceTree = "<group>"; };
		25B5B59328795E2A00CC98AA /* UserDefaultKey.swift */ = {isa = PBXFileReference; lastKnownFileType = sourcecode.swift; path = UserDefaultKey.swift; sourceTree = "<group>"; };
		25B5B59628795E4300CC98AA /* MemoryStorage.swift */ = {isa = PBXFileReference; lastKnownFileType = sourcecode.swift; path = MemoryStorage.swift; sourceTree = "<group>"; };
		25B5B59928795F0B00CC98AA /* Storyboardable.swift */ = {isa = PBXFileReference; lastKnownFileType = sourcecode.swift; path = Storyboardable.swift; sourceTree = "<group>"; };
		B7110F5F289BC79B00618EB2 /* appstore.png */ = {isa = PBXFileReference; lastKnownFileType = image.png; path = appstore.png; sourceTree = "<group>"; };
		B7110F63289D0A0B00618EB2 /* IdentityView.swift */ = {isa = PBXFileReference; lastKnownFileType = sourcecode.swift; path = IdentityView.swift; sourceTree = "<group>"; };
		B7110F65289D0A4A00618EB2 /* HabitView.swift */ = {isa = PBXFileReference; lastKnownFileType = sourcecode.swift; path = HabitView.swift; sourceTree = "<group>"; };
		B7110F6828A0B06100618EB2 /* IdentityFormView.swift */ = {isa = PBXFileReference; lastKnownFileType = sourcecode.swift; path = IdentityFormView.swift; sourceTree = "<group>"; };
		B727D3B328ACAE5600773A12 /* UILabel+Extension.swift */ = {isa = PBXFileReference; lastKnownFileType = sourcecode.swift; path = "UILabel+Extension.swift"; sourceTree = "<group>"; };
		B742230A289C0DC2003F2679 /* TabBarView.swift */ = {isa = PBXFileReference; lastKnownFileType = sourcecode.swift; path = TabBarView.swift; sourceTree = "<group>"; };
		B78AA3E128A4EC2300E074BC /* UIButton+Extension.swift */ = {isa = PBXFileReference; lastKnownFileType = sourcecode.swift; path = "UIButton+Extension.swift"; sourceTree = "<group>"; };
		B7A48C90288168EF008F25ED /* AuthenticationService.swift */ = {isa = PBXFileReference; lastKnownFileType = sourcecode.swift; path = AuthenticationService.swift; sourceTree = "<group>"; };
		B7A48C982881753E008F25ED /* RegisterResultData.swift */ = {isa = PBXFileReference; lastKnownFileType = sourcecode.swift; path = RegisterResultData.swift; sourceTree = "<group>"; };
		B7A48C9A28817545008F25ED /* LoginResultData.swift */ = {isa = PBXFileReference; lastKnownFileType = sourcecode.swift; path = LoginResultData.swift; sourceTree = "<group>"; };
		B7A48C9E2881756A008F25ED /* PasswordResetAuthResultData.swift */ = {isa = PBXFileReference; lastKnownFileType = sourcecode.swift; path = PasswordResetAuthResultData.swift; sourceTree = "<group>"; };
		B7A48CA028817573008F25ED /* PasswordResetResultData.swift */ = {isa = PBXFileReference; lastKnownFileType = sourcecode.swift; path = PasswordResetResultData.swift; sourceTree = "<group>"; };
		B7A8A793287B0E6600EBB368 /* LoginView.swift */ = {isa = PBXFileReference; lastKnownFileType = sourcecode.swift; path = LoginView.swift; sourceTree = "<group>"; };
		B7A8A795287B0E7200EBB368 /* PasswordResetView.swift */ = {isa = PBXFileReference; lastKnownFileType = sourcecode.swift; path = PasswordResetView.swift; sourceTree = "<group>"; };
		B7D31B03287DCC2000869029 /* PasswordResetAuthView.swift */ = {isa = PBXFileReference; lastKnownFileType = sourcecode.swift; path = PasswordResetAuthView.swift; sourceTree = "<group>"; };
		B7ECC65928A3836F0058877E /* UIImage+Extension.swift */ = {isa = PBXFileReference; lastKnownFileType = sourcecode.swift; path = "UIImage+Extension.swift"; sourceTree = "<group>"; };
		B7F0EA69289FF2320047A293 /* IdentityTableViewCell.swift */ = {isa = PBXFileReference; lastKnownFileType = sourcecode.swift; path = IdentityTableViewCell.swift; sourceTree = "<group>"; };
		B7F0EA6A289FF2320047A293 /* IdentityTableViewCell.xib */ = {isa = PBXFileReference; lastKnownFileType = file.xib; path = IdentityTableViewCell.xib; sourceTree = "<group>"; };
		B7FF7EDB287C7D19008BD855 /* UITextField+Extension.swift */ = {isa = PBXFileReference; lastKnownFileType = sourcecode.swift; path = "UITextField+Extension.swift"; sourceTree = "<group>"; };
/* End PBXFileReference section */

/* Begin PBXFrameworksBuildPhase section */
		25B5B55428794AF000CC98AA /* Frameworks */ = {
			isa = PBXFrameworksBuildPhase;
			buildActionMask = 2147483647;
			files = (
				B7A48C94288169D0008F25ED /* Alamofire in Frameworks */,
			);
			runOnlyForDeploymentPostprocessing = 0;
		};
/* End PBXFrameworksBuildPhase section */

/* Begin PBXGroup section */
		25B5B54E28794AF000CC98AA = {
			isa = PBXGroup;
			children = (
				25B5B55928794AF000CC98AA /* Dobit */,
				25B5B55828794AF000CC98AA /* Products */,
			);
			sourceTree = "<group>";
		};
		25B5B55828794AF000CC98AA /* Products */ = {
			isa = PBXGroup;
			children = (
				25B5B55728794AF000CC98AA /* Dobit.app */,
			);
			name = Products;
			sourceTree = "<group>";
		};
		25B5B55928794AF000CC98AA /* Dobit */ = {
			isa = PBXGroup;
			children = (
				25B5B57128794EE000CC98AA /* App */,
				25B5B58F28795ACC00CC98AA /* Service */,
				25B5B57028794ECA00CC98AA /* Resources */,
				25B5B56F28794EBA00CC98AA /* Helpers */,
				25B5B56E28794EA400CC98AA /* UserInterface */,
				25B5B56328794AF100CC98AA /* Assets.xcassets */,
				25B5B56528794AF100CC98AA /* LaunchScreen.storyboard */,
				25B5B56828794AF100CC98AA /* Info.plist */,
			);
			path = Dobit;
			sourceTree = "<group>";
		};
		25B5B56E28794EA400CC98AA /* UserInterface */ = {
			isa = PBXGroup;
			children = (
				B7422309289C0DB6003F2679 /* Layout */,
				25B5B58C2879549900CC98AA /* Common */,
				25B5B57F2879509000CC98AA /* Authentication */,
				25B5B5802879509A00CC98AA /* Main */,
				25B5B581287950B000CC98AA /* MyProfile */,
				25B5B55E28794AF000CC98AA /* ViewController.swift */,
				25B5B56028794AF000CC98AA /* Main.storyboard */,
			);
			path = UserInterface;
			sourceTree = "<group>";
		};
		25B5B56F28794EBA00CC98AA /* Helpers */ = {
			isa = PBXGroup;
			children = (
				25B5B59828795EFD00CC98AA /* Storyboardable */,
				25B5B57828794F7900CC98AA /* Extensions */,
				25B5B57428794EFA00CC98AA /* Constants.swift */,
				25B5B57628794F6300CC98AA /* PreviewHelper.swift */,
				25B5B57B28794FC300CC98AA /* DeviceSizeHelper.swift */,
				25B5B57D28794FFC00CC98AA /* UIColor+Extensions.swift */,
			);
			path = Helpers;
			sourceTree = "<group>";
		};
		25B5B57028794ECA00CC98AA /* Resources */ = {
			isa = PBXGroup;
			children = (
				B7110F5F289BC79B00618EB2 /* appstore.png */,
				25B5B57228794EF300CC98AA /* Fonts.swift */,
			);
			path = Resources;
			sourceTree = "<group>";
		};
		25B5B57128794EE000CC98AA /* App */ = {
			isa = PBXGroup;
			children = (
				25B5B55A28794AF000CC98AA /* AppDelegate.swift */,
				25B5B55C28794AF000CC98AA /* SceneDelegate.swift */,
			);
			path = App;
			sourceTree = "<group>";
		};
		25B5B57828794F7900CC98AA /* Extensions */ = {
			isa = PBXGroup;
			children = (
				25B5B57928794F8300CC98AA /* UIView+Extension.swift */,
				B7FF7EDB287C7D19008BD855 /* UITextField+Extension.swift */,
				B7ECC65928A3836F0058877E /* UIImage+Extension.swift */,
				B78AA3E128A4EC2300E074BC /* UIButton+Extension.swift */,
				B727D3B328ACAE5600773A12 /* UILabel+Extension.swift */,
			);
			path = Extensions;
			sourceTree = "<group>";
		};
		25B5B57F2879509000CC98AA /* Authentication */ = {
			isa = PBXGroup;
			children = (
				B7A48C95288173F0008F25ED /* VO */,
				25B5B586287951E900CC98AA /* AppFirst */,
				B7A8A792287B0E5400EBB368 /* Login */,
				25B5B5892879531500CC98AA /* Register */,
				25B5B584287951D100CC98AA /* Authentication.storyboard */,
				B7A48C90288168EF008F25ED /* AuthenticationService.swift */,
			);
			path = Authentication;
			sourceTree = "<group>";
		};
		25B5B5802879509A00CC98AA /* Main */ = {
			isa = PBXGroup;
			children = (
				B7110F62289D08B300618EB2 /* Identity */,
				B7110F61289D08A800618EB2 /* Habit */,
			);
			path = Main;
			sourceTree = "<group>";
		};
		25B5B581287950B000CC98AA /* MyProfile */ = {
			isa = PBXGroup;
			children = (
			);
			path = MyProfile;
			sourceTree = "<group>";
		};
		25B5B586287951E900CC98AA /* AppFirst */ = {
			isa = PBXGroup;
			children = (
				25B5B5822879515800CC98AA /* AppFirstView.swift */,
			);
			path = AppFirst;
			sourceTree = "<group>";
		};
		25B5B5892879531500CC98AA /* Register */ = {
			isa = PBXGroup;
			children = (
				25B5B58A2879533D00CC98AA /* RegisterView.swift */,
			);
			path = Register;
			sourceTree = "<group>";
		};
		25B5B58C2879549900CC98AA /* Common */ = {
			isa = PBXGroup;
			children = (
				25B5B58D287954A400CC98AA /* BaseViewControllerProtocol.swift */,
			);
			path = Common;
			sourceTree = "<group>";
		};
		25B5B58F28795ACC00CC98AA /* Service */ = {
			isa = PBXGroup;
			children = (
				25B5B59528795E3700CC98AA /* MemoryStorage */,
				25B5B59028795ACE00CC98AA /* UserDefaultStorage */,
			);
			path = Service;
			sourceTree = "<group>";
		};
		25B5B59028795ACE00CC98AA /* UserDefaultStorage */ = {
			isa = PBXGroup;
			children = (
				25B5B59328795E2A00CC98AA /* UserDefaultKey.swift */,
				25B5B59128795AFF00CC98AA /* UserDefaultStorage.swift */,
			);
			path = UserDefaultStorage;
			sourceTree = "<group>";
		};
		25B5B59528795E3700CC98AA /* MemoryStorage */ = {
			isa = PBXGroup;
			children = (
				25B5B59628795E4300CC98AA /* MemoryStorage.swift */,
			);
			path = MemoryStorage;
			sourceTree = "<group>";
		};
		25B5B59828795EFD00CC98AA /* Storyboardable */ = {
			isa = PBXGroup;
			children = (
				25B5B59928795F0B00CC98AA /* Storyboardable.swift */,
			);
			path = Storyboardable;
			sourceTree = "<group>";
		};
		B7110F61289D08A800618EB2 /* Habit */ = {
			isa = PBXGroup;
			children = (
				B7110F65289D0A4A00618EB2 /* HabitView.swift */,
			);
			path = Habit;
			sourceTree = "<group>";
		};
		B7110F62289D08B300618EB2 /* Identity */ = {
			isa = PBXGroup;
			children = (
				B7110F6728A0B05500618EB2 /* Form */,
				B7F0EA68289FF20B0047A293 /* Cells */,
				B7110F63289D0A0B00618EB2 /* IdentityView.swift */,
			);
			path = Identity;
			sourceTree = "<group>";
		};
		B7110F6728A0B05500618EB2 /* Form */ = {
			isa = PBXGroup;
			children = (
				B7110F6828A0B06100618EB2 /* IdentityFormView.swift */,
			);
			path = Form;
			sourceTree = "<group>";
		};
		B7422309289C0DB6003F2679 /* Layout */ = {
			isa = PBXGroup;
			children = (
				B742230A289C0DC2003F2679 /* TabBarView.swift */,
			);
			path = Layout;
			sourceTree = "<group>";
		};
		B7A48C95288173F0008F25ED /* VO */ = {
			isa = PBXGroup;
			children = (
				B7A48C982881753E008F25ED /* RegisterResultData.swift */,
				B7A48C9A28817545008F25ED /* LoginResultData.swift */,
				B7A48C9E2881756A008F25ED /* PasswordResetAuthResultData.swift */,
				B7A48CA028817573008F25ED /* PasswordResetResultData.swift */,
			);
			path = VO;
			sourceTree = "<group>";
		};
		B7A8A792287B0E5400EBB368 /* Login */ = {
			isa = PBXGroup;
			children = (
				B7A8A793287B0E6600EBB368 /* LoginView.swift */,
				B7A8A795287B0E7200EBB368 /* PasswordResetView.swift */,
				B7D31B03287DCC2000869029 /* PasswordResetAuthView.swift */,
			);
			path = Login;
			sourceTree = "<group>";
		};
		B7F0EA68289FF20B0047A293 /* Cells */ = {
			isa = PBXGroup;
			children = (
				B7F0EA69289FF2320047A293 /* IdentityTableViewCell.swift */,
				B7F0EA6A289FF2320047A293 /* IdentityTableViewCell.xib */,
			);
			path = Cells;
			sourceTree = "<group>";
		};
/* End PBXGroup section */

/* Begin PBXNativeTarget section */
		25B5B55628794AF000CC98AA /* Dobit */ = {
			isa = PBXNativeTarget;
			buildConfigurationList = 25B5B56B28794AF100CC98AA /* Build configuration list for PBXNativeTarget "Dobit" */;
			buildPhases = (
				25B5B55328794AF000CC98AA /* Sources */,
				25B5B55428794AF000CC98AA /* Frameworks */,
				25B5B55528794AF000CC98AA /* Resources */,
			);
			buildRules = (
			);
			dependencies = (
			);
			name = Dobit;
			packageProductDependencies = (
				B7A48C93288169D0008F25ED /* Alamofire */,
			);
			productName = Dobit;
			productReference = 25B5B55728794AF000CC98AA /* Dobit.app */;
			productType = "com.apple.product-type.application";
		};
/* End PBXNativeTarget section */

/* Begin PBXProject section */
		25B5B54F28794AF000CC98AA /* Project object */ = {
			isa = PBXProject;
			attributes = {
				BuildIndependentTargetsInParallel = 1;
				LastSwiftUpdateCheck = 1340;
				LastUpgradeCheck = 1340;
				TargetAttributes = {
					25B5B55628794AF000CC98AA = {
						CreatedOnToolsVersion = 13.4.1;
					};
				};
			};
			buildConfigurationList = 25B5B55228794AF000CC98AA /* Build configuration list for PBXProject "Dobit" */;
			compatibilityVersion = "Xcode 13.0";
			developmentRegion = en;
			hasScannedForEncodings = 0;
			knownRegions = (
				en,
				Base,
			);
			mainGroup = 25B5B54E28794AF000CC98AA;
			packageReferences = (
				B7A48C92288169D0008F25ED /* XCRemoteSwiftPackageReference "Alamofire" */,
			);
			productRefGroup = 25B5B55828794AF000CC98AA /* Products */;
			projectDirPath = "";
			projectRoot = "";
			targets = (
				25B5B55628794AF000CC98AA /* Dobit */,
			);
		};
/* End PBXProject section */

/* Begin PBXResourcesBuildPhase section */
		25B5B55528794AF000CC98AA /* Resources */ = {
			isa = PBXResourcesBuildPhase;
			buildActionMask = 2147483647;
			files = (
				B7110F60289BC79B00618EB2 /* appstore.png in Resources */,
				25B5B585287951D100CC98AA /* Authentication.storyboard in Resources */,
				25B5B56728794AF100CC98AA /* LaunchScreen.storyboard in Resources */,
				B7F0EA6C289FF2320047A293 /* IdentityTableViewCell.xib in Resources */,
				25B5B56428794AF100CC98AA /* Assets.xcassets in Resources */,
				25B5B56228794AF000CC98AA /* Main.storyboard in Resources */,
			);
			runOnlyForDeploymentPostprocessing = 0;
		};
/* End PBXResourcesBuildPhase section */

/* Begin PBXSourcesBuildPhase section */
		25B5B55328794AF000CC98AA /* Sources */ = {
			isa = PBXSourcesBuildPhase;
			buildActionMask = 2147483647;
			files = (
				B7FF7EDC287C7D19008BD855 /* UITextField+Extension.swift in Sources */,
				B7A48C992881753E008F25ED /* RegisterResultData.swift in Sources */,
				B742230B289C0DC2003F2679 /* TabBarView.swift in Sources */,
				25B5B58B2879533D00CC98AA /* RegisterView.swift in Sources */,
				B7ECC65A28A3836F0058877E /* UIImage+Extension.swift in Sources */,
				25B5B57728794F6300CC98AA /* PreviewHelper.swift in Sources */,
				25B5B57A28794F8300CC98AA /* UIView+Extension.swift in Sources */,
				25B5B57528794EFA00CC98AA /* Constants.swift in Sources */,
				25B5B57328794EF300CC98AA /* Fonts.swift in Sources */,
				B7A48C91288168EF008F25ED /* AuthenticationService.swift in Sources */,
				25B5B57C28794FC300CC98AA /* DeviceSizeHelper.swift in Sources */,
				B727D3B428ACAE5600773A12 /* UILabel+Extension.swift in Sources */,
				25B5B59228795AFF00CC98AA /* UserDefaultStorage.swift in Sources */,
				B7F0EA6B289FF2320047A293 /* IdentityTableViewCell.swift in Sources */,
				25B5B55F28794AF000CC98AA /* ViewController.swift in Sources */,
				25B5B59428795E2A00CC98AA /* UserDefaultKey.swift in Sources */,
				25B5B59728795E4300CC98AA /* MemoryStorage.swift in Sources */,
				B7A8A794287B0E6600EBB368 /* LoginView.swift in Sources */,
				B7A48C9B28817545008F25ED /* LoginResultData.swift in Sources */,
				25B5B55B28794AF000CC98AA /* AppDelegate.swift in Sources */,
				25B5B5832879515800CC98AA /* AppFirstView.swift in Sources */,
				25B5B59A28795F0B00CC98AA /* Storyboardable.swift in Sources */,
				B78AA3E228A4EC2300E074BC /* UIButton+Extension.swift in Sources */,
				B7110F64289D0A0B00618EB2 /* IdentityView.swift in Sources */,
				25B5B57E28794FFC00CC98AA /* UIColor+Extensions.swift in Sources */,
				B7110F6928A0B06100618EB2 /* IdentityFormView.swift in Sources */,
				B7A8A796287B0E7200EBB368 /* PasswordResetView.swift in Sources */,
				B7D31B04287DCC2000869029 /* PasswordResetAuthView.swift in Sources */,
				25B5B58E287954A400CC98AA /* BaseViewControllerProtocol.swift in Sources */,
				B7A48CA128817573008F25ED /* PasswordResetResultData.swift in Sources */,
				B7110F66289D0A4A00618EB2 /* HabitView.swift in Sources */,
				25B5B55D28794AF000CC98AA /* SceneDelegate.swift in Sources */,
				B7A48C9F2881756A008F25ED /* PasswordResetAuthResultData.swift in Sources */,
			);
			runOnlyForDeploymentPostprocessing = 0;
		};
/* End PBXSourcesBuildPhase section */

/* Begin PBXVariantGroup section */
		25B5B56028794AF000CC98AA /* Main.storyboard */ = {
			isa = PBXVariantGroup;
			children = (
				25B5B56128794AF000CC98AA /* Base */,
			);
			name = Main.storyboard;
			sourceTree = "<group>";
		};
		25B5B56528794AF100CC98AA /* LaunchScreen.storyboard */ = {
			isa = PBXVariantGroup;
			children = (
				25B5B56628794AF100CC98AA /* Base */,
			);
			name = LaunchScreen.storyboard;
			sourceTree = "<group>";
		};
/* End PBXVariantGroup section */

/* Begin XCBuildConfiguration section */
		25B5B56928794AF100CC98AA /* Debug */ = {
			isa = XCBuildConfiguration;
			buildSettings = {
				ALWAYS_SEARCH_USER_PATHS = NO;
				CLANG_ANALYZER_NONNULL = YES;
				CLANG_ANALYZER_NUMBER_OBJECT_CONVERSION = YES_AGGRESSIVE;
				CLANG_CXX_LANGUAGE_STANDARD = "gnu++17";
				CLANG_ENABLE_MODULES = YES;
				CLANG_ENABLE_OBJC_ARC = YES;
				CLANG_ENABLE_OBJC_WEAK = YES;
				CLANG_WARN_BLOCK_CAPTURE_AUTORELEASING = YES;
				CLANG_WARN_BOOL_CONVERSION = YES;
				CLANG_WARN_COMMA = YES;
				CLANG_WARN_CONSTANT_CONVERSION = YES;
				CLANG_WARN_DEPRECATED_OBJC_IMPLEMENTATIONS = YES;
				CLANG_WARN_DIRECT_OBJC_ISA_USAGE = YES_ERROR;
				CLANG_WARN_DOCUMENTATION_COMMENTS = YES;
				CLANG_WARN_EMPTY_BODY = YES;
				CLANG_WARN_ENUM_CONVERSION = YES;
				CLANG_WARN_INFINITE_RECURSION = YES;
				CLANG_WARN_INT_CONVERSION = YES;
				CLANG_WARN_NON_LITERAL_NULL_CONVERSION = YES;
				CLANG_WARN_OBJC_IMPLICIT_RETAIN_SELF = YES;
				CLANG_WARN_OBJC_LITERAL_CONVERSION = YES;
				CLANG_WARN_OBJC_ROOT_CLASS = YES_ERROR;
				CLANG_WARN_QUOTED_INCLUDE_IN_FRAMEWORK_HEADER = YES;
				CLANG_WARN_RANGE_LOOP_ANALYSIS = YES;
				CLANG_WARN_STRICT_PROTOTYPES = YES;
				CLANG_WARN_SUSPICIOUS_MOVE = YES;
				CLANG_WARN_UNGUARDED_AVAILABILITY = YES_AGGRESSIVE;
				CLANG_WARN_UNREACHABLE_CODE = YES;
				CLANG_WARN__DUPLICATE_METHOD_MATCH = YES;
				COPY_PHASE_STRIP = NO;
				DEBUG_INFORMATION_FORMAT = dwarf;
				ENABLE_STRICT_OBJC_MSGSEND = YES;
				ENABLE_TESTABILITY = YES;
				GCC_C_LANGUAGE_STANDARD = gnu11;
				GCC_DYNAMIC_NO_PIC = NO;
				GCC_NO_COMMON_BLOCKS = YES;
				GCC_OPTIMIZATION_LEVEL = 0;
				GCC_PREPROCESSOR_DEFINITIONS = (
					"DEBUG=1",
					"$(inherited)",
				);
				GCC_WARN_64_TO_32_BIT_CONVERSION = YES;
				GCC_WARN_ABOUT_RETURN_TYPE = YES_ERROR;
				GCC_WARN_UNDECLARED_SELECTOR = YES;
				GCC_WARN_UNINITIALIZED_AUTOS = YES_AGGRESSIVE;
				GCC_WARN_UNUSED_FUNCTION = YES;
				GCC_WARN_UNUSED_VARIABLE = YES;
				IPHONEOS_DEPLOYMENT_TARGET = 15.5;
				MTL_ENABLE_DEBUG_INFO = INCLUDE_SOURCE;
				MTL_FAST_MATH = YES;
				ONLY_ACTIVE_ARCH = YES;
				SDKROOT = iphoneos;
				SWIFT_ACTIVE_COMPILATION_CONDITIONS = DEBUG;
				SWIFT_OPTIMIZATION_LEVEL = "-Onone";
			};
			name = Debug;
		};
		25B5B56A28794AF100CC98AA /* Release */ = {
			isa = XCBuildConfiguration;
			buildSettings = {
				ALWAYS_SEARCH_USER_PATHS = NO;
				CLANG_ANALYZER_NONNULL = YES;
				CLANG_ANALYZER_NUMBER_OBJECT_CONVERSION = YES_AGGRESSIVE;
				CLANG_CXX_LANGUAGE_STANDARD = "gnu++17";
				CLANG_ENABLE_MODULES = YES;
				CLANG_ENABLE_OBJC_ARC = YES;
				CLANG_ENABLE_OBJC_WEAK = YES;
				CLANG_WARN_BLOCK_CAPTURE_AUTORELEASING = YES;
				CLANG_WARN_BOOL_CONVERSION = YES;
				CLANG_WARN_COMMA = YES;
				CLANG_WARN_CONSTANT_CONVERSION = YES;
				CLANG_WARN_DEPRECATED_OBJC_IMPLEMENTATIONS = YES;
				CLANG_WARN_DIRECT_OBJC_ISA_USAGE = YES_ERROR;
				CLANG_WARN_DOCUMENTATION_COMMENTS = YES;
				CLANG_WARN_EMPTY_BODY = YES;
				CLANG_WARN_ENUM_CONVERSION = YES;
				CLANG_WARN_INFINITE_RECURSION = YES;
				CLANG_WARN_INT_CONVERSION = YES;
				CLANG_WARN_NON_LITERAL_NULL_CONVERSION = YES;
				CLANG_WARN_OBJC_IMPLICIT_RETAIN_SELF = YES;
				CLANG_WARN_OBJC_LITERAL_CONVERSION = YES;
				CLANG_WARN_OBJC_ROOT_CLASS = YES_ERROR;
				CLANG_WARN_QUOTED_INCLUDE_IN_FRAMEWORK_HEADER = YES;
				CLANG_WARN_RANGE_LOOP_ANALYSIS = YES;
				CLANG_WARN_STRICT_PROTOTYPES = YES;
				CLANG_WARN_SUSPICIOUS_MOVE = YES;
				CLANG_WARN_UNGUARDED_AVAILABILITY = YES_AGGRESSIVE;
				CLANG_WARN_UNREACHABLE_CODE = YES;
				CLANG_WARN__DUPLICATE_METHOD_MATCH = YES;
				COPY_PHASE_STRIP = NO;
				DEBUG_INFORMATION_FORMAT = "dwarf-with-dsym";
				ENABLE_NS_ASSERTIONS = NO;
				ENABLE_STRICT_OBJC_MSGSEND = YES;
				GCC_C_LANGUAGE_STANDARD = gnu11;
				GCC_NO_COMMON_BLOCKS = YES;
				GCC_WARN_64_TO_32_BIT_CONVERSION = YES;
				GCC_WARN_ABOUT_RETURN_TYPE = YES_ERROR;
				GCC_WARN_UNDECLARED_SELECTOR = YES;
				GCC_WARN_UNINITIALIZED_AUTOS = YES_AGGRESSIVE;
				GCC_WARN_UNUSED_FUNCTION = YES;
				GCC_WARN_UNUSED_VARIABLE = YES;
				IPHONEOS_DEPLOYMENT_TARGET = 15.5;
				MTL_ENABLE_DEBUG_INFO = NO;
				MTL_FAST_MATH = YES;
				SDKROOT = iphoneos;
				SWIFT_COMPILATION_MODE = wholemodule;
				SWIFT_OPTIMIZATION_LEVEL = "-O";
				VALIDATE_PRODUCT = YES;
			};
			name = Release;
		};
		25B5B56C28794AF100CC98AA /* Debug */ = {
			isa = XCBuildConfiguration;
			buildSettings = {
				ASSETCATALOG_COMPILER_APPICON_NAME = AppIcon;
				ASSETCATALOG_COMPILER_GLOBAL_ACCENT_COLOR_NAME = AccentColor;
				CODE_SIGN_IDENTITY = "Apple Development";
				CODE_SIGN_STYLE = Automatic;
				CURRENT_PROJECT_VERSION = 1;
				DEVELOPMENT_TEAM = 5U63B95JW2;
				GENERATE_INFOPLIST_FILE = YES;
				INFOPLIST_FILE = Dobit/Info.plist;
				INFOPLIST_KEY_UIApplicationSupportsIndirectInputEvents = YES;
				INFOPLIST_KEY_UILaunchStoryboardName = LaunchScreen;
				INFOPLIST_KEY_UIMainStoryboardFile = Authentication;
				INFOPLIST_KEY_UISupportedInterfaceOrientations = UIInterfaceOrientationPortrait;
				INFOPLIST_KEY_UISupportedInterfaceOrientations_iPad = "UIInterfaceOrientationPortrait UIInterfaceOrientationPortraitUpsideDown UIInterfaceOrientationLandscapeLeft UIInterfaceOrientationLandscapeRight";
				INFOPLIST_KEY_UISupportedInterfaceOrientations_iPhone = "UIInterfaceOrientationPortrait UIInterfaceOrientationLandscapeLeft UIInterfaceOrientationLandscapeRight";
				IPHONEOS_DEPLOYMENT_TARGET = 14.0;
				LD_RUNPATH_SEARCH_PATHS = (
					"$(inherited)",
					"@executable_path/Frameworks",
				);
				MARKETING_VERSION = 1.0;
				PRODUCT_BUNDLE_IDENTIFIER = polaris.Dobit;
				PRODUCT_NAME = "$(TARGET_NAME)";
				PROVISIONING_PROFILE_SPECIFIER = "";
				SWIFT_EMIT_LOC_STRINGS = YES;
				SWIFT_VERSION = 5.0;
				TARGETED_DEVICE_FAMILY = 1;
			};
			name = Debug;
		};
		25B5B56D28794AF100CC98AA /* Release */ = {
			isa = XCBuildConfiguration;
			buildSettings = {
				ASSETCATALOG_COMPILER_APPICON_NAME = AppIcon;
				ASSETCATALOG_COMPILER_GLOBAL_ACCENT_COLOR_NAME = AccentColor;
				CODE_SIGN_IDENTITY = "Apple Development";
				CODE_SIGN_STYLE = Automatic;
				CURRENT_PROJECT_VERSION = 1;
				DEVELOPMENT_TEAM = 5U63B95JW2;
				GENERATE_INFOPLIST_FILE = YES;
				INFOPLIST_FILE = Dobit/Info.plist;
				INFOPLIST_KEY_UIApplicationSupportsIndirectInputEvents = YES;
				INFOPLIST_KEY_UILaunchStoryboardName = LaunchScreen;
				INFOPLIST_KEY_UIMainStoryboardFile = Authentication;
				INFOPLIST_KEY_UISupportedInterfaceOrientations = UIInterfaceOrientationPortrait;
				INFOPLIST_KEY_UISupportedInterfaceOrientations_iPad = "UIInterfaceOrientationPortrait UIInterfaceOrientationPortraitUpsideDown UIInterfaceOrientationLandscapeLeft UIInterfaceOrientationLandscapeRight";
				INFOPLIST_KEY_UISupportedInterfaceOrientations_iPhone = "UIInterfaceOrientationPortrait UIInterfaceOrientationLandscapeLeft UIInterfaceOrientationLandscapeRight";
				IPHONEOS_DEPLOYMENT_TARGET = 14.0;
				LD_RUNPATH_SEARCH_PATHS = (
					"$(inherited)",
					"@executable_path/Frameworks",
				);
				MARKETING_VERSION = 1.0;
				PRODUCT_BUNDLE_IDENTIFIER = polaris.Dobit;
				PRODUCT_NAME = "$(TARGET_NAME)";
				PROVISIONING_PROFILE_SPECIFIER = "";
				SWIFT_EMIT_LOC_STRINGS = YES;
				SWIFT_VERSION = 5.0;
				TARGETED_DEVICE_FAMILY = 1;
			};
			name = Release;
		};
/* End XCBuildConfiguration section */

/* Begin XCConfigurationList section */
		25B5B55228794AF000CC98AA /* Build configuration list for PBXProject "Dobit" */ = {
			isa = XCConfigurationList;
			buildConfigurations = (
				25B5B56928794AF100CC98AA /* Debug */,
				25B5B56A28794AF100CC98AA /* Release */,
			);
			defaultConfigurationIsVisible = 0;
			defaultConfigurationName = Release;
		};
		25B5B56B28794AF100CC98AA /* Build configuration list for PBXNativeTarget "Dobit" */ = {
			isa = XCConfigurationList;
			buildConfigurations = (
				25B5B56C28794AF100CC98AA /* Debug */,
				25B5B56D28794AF100CC98AA /* Release */,
			);
			defaultConfigurationIsVisible = 0;
			defaultConfigurationName = Release;
		};
/* End XCConfigurationList section */

/* Begin XCRemoteSwiftPackageReference section */
		B7A48C92288169D0008F25ED /* XCRemoteSwiftPackageReference "Alamofire" */ = {
			isa = XCRemoteSwiftPackageReference;
			repositoryURL = "https://github.com/Alamofire/Alamofire";
			requirement = {
				kind = upToNextMajorVersion;
				minimumVersion = 5.0.0;
			};
		};
/* End XCRemoteSwiftPackageReference section */

/* Begin XCSwiftPackageProductDependency section */
		B7A48C93288169D0008F25ED /* Alamofire */ = {
			isa = XCSwiftPackageProductDependency;
			package = B7A48C92288169D0008F25ED /* XCRemoteSwiftPackageReference "Alamofire" */;
			productName = Alamofire;
		};
/* End XCSwiftPackageProductDependency section */
	};
	rootObject = 25B5B54F28794AF000CC98AA /* Project object */;
}
